
Microsoft Visual Studio Solution File, Format Version 12.00
Project("{FAE04EC0-301F-11D3-BF4B-00C04F79EFBC}") = "Blog", "Blog\Blog.csproj", "{C65213D3-B3B7-4927-92CF-987057A77571}"
EndProject
Global
	GlobalSection(SolutionConfigurationPlatforms) = preSolution
		Debug|Any CPU = Debug|Any CPU
		Release|Any CPU = Release|Any CPU
	EndGlobalSection
	GlobalSection(ProjectConfigurationPlatforms) = postSolution
		{C65213D3-B3B7-4927-92CF-987057A77571}.Debug|Any CPU.ActiveCfg = Debug|Any CPU
		{C65213D3-B3B7-4927-92CF-987057A77571}.Debug|Any CPU.Build.0 = Debug|Any CPU
		{C65213D3-B3B7-4927-92CF-987057A77571}.Release|Any CPU.ActiveCfg = Release|Any CPU
		{C65213D3-B3B7-4927-92CF-987057A77571}.Release|Any CPU.Build.0 = Release|Any CPU
	EndGlobalSection
EndGlobal
